
Microsoft Visual Studio Solution File, Format Version 12.00
# Visual Studio Version 16
VisualStudioVersion = 25.0.1706.0
MinimumVisualStudioVersion = 10.0.40219.1
Project("{2150E333-8FDC-42A3-9474-1A3956D46DE8}") = "Core", "Core", "{2E358155-567B-424A-9B39-3A734FF5FE54}"
EndProject
Project("{FAE04EC0-301F-11D3-BF4B-00C04F79EFBC}") = "ETicaretAPI.Domain", "Core\ETicaretAPI.Domain\ETicaretAPI.Domain.csproj", "{AF3D622F-0ACA-4798-97E7-C802F9952095}"
EndProject
Project("{FAE04EC0-301F-11D3-BF4B-00C04F79EFBC}") = "ETicaretAPI.Application", "Core\ETicaretAPI.Application\ETicaretAPI.Application.csproj", "{BC4FC247-3F80-4797-BB7E-6C888B59465B}"
EndProject
Project("{2150E333-8FDC-42A3-9474-1A3956D46DE8}") = "Infrastructure", "Infrastructure", "{DA2B1CA6-B5FE-400C-A123-EBAE3B2186C1}"
EndProject
Project("{FAE04EC0-301F-11D3-BF4B-00C04F79EFBC}") = "ETicaretAPI.Infrastructure", "Infrastructure\ETicaretAPI.Infrastructure\ETicaretAPI.Infrastructure.csproj", "{9010034C-EE82-462A-B7A0-89F697F2C475}"
EndProject
Project("{FAE04EC0-301F-11D3-BF4B-00C04F79EFBC}") = "ETicaretAPI.Persistence", "Infrastructure\ETicaretAPI.Persistence\ETicaretAPI.Persistence.csproj", "{0E0FBC3A-9BCC-4164-ACEB-00B9BE2153F9}"
EndProject
Project("{2150E333-8FDC-42A3-9474-1A3956D46DE8}") = "Presentation", "Presentation", "{7B9FBCDB-0FCB-4392-B5BF-6EA64A5C1932}"
EndProject
Project("{FAE04EC0-301F-11D3-BF4B-00C04F79EFBC}") = "ETicaretAPI.API", "Presentation\ETicaretAPI.API\ETicaretAPI.API.csproj", "{004BC284-9E02-4DFB-90F1-AE04E7C70216}"
EndProject
Global
	GlobalSection(SolutionConfigurationPlatforms) = preSolution
		Debug|Any CPU = Debug|Any CPU
		Release|Any CPU = Release|Any CPU
	EndGlobalSection
	GlobalSection(ProjectConfigurationPlatforms) = postSolution
		{AF3D622F-0ACA-4798-97E7-C802F9952095}.Debug|Any CPU.ActiveCfg = Debug|Any CPU
		{AF3D622F-0ACA-4798-97E7-C802F9952095}.Debug|Any CPU.Build.0 = Debug|Any CPU
		{AF3D622F-0ACA-4798-97E7-C802F9952095}.Release|Any CPU.ActiveCfg = Release|Any CPU
		{AF3D622F-0ACA-4798-97E7-C802F9952095}.Release|Any CPU.Build.0 = Release|Any CPU
		{BC4FC247-3F80-4797-BB7E-6C888B59465B}.Debug|Any CPU.ActiveCfg = Debug|Any CPU
		{BC4FC247-3F80-4797-BB7E-6C888B59465B}.Debug|Any CPU.Build.0 = Debug|Any CPU
		{BC4FC247-3F80-4797-BB7E-6C888B59465B}.Release|Any CPU.ActiveCfg = Release|Any CPU
		{BC4FC247-3F80-4797-BB7E-6C888B59465B}.Release|Any CPU.Build.0 = Release|Any CPU
		{9010034C-EE82-462A-B7A0-89F697F2C475}.Debug|Any CPU.ActiveCfg = Debug|Any CPU
		{9010034C-EE82-462A-B7A0-89F697F2C475}.Debug|Any CPU.Build.0 = Debug|Any CPU
		{9010034C-EE82-462A-B7A0-89F697F2C475}.Release|Any CPU.ActiveCfg = Release|Any CPU
		{9010034C-EE82-462A-B7A0-89F697F2C475}.Release|Any CPU.Build.0 = Release|Any CPU
		{0E0FBC3A-9BCC-4164-ACEB-00B9BE2153F9}.Debug|Any CPU.ActiveCfg = Debug|Any CPU
		{0E0FBC3A-9BCC-4164-ACEB-00B9BE2153F9}.Debug|Any CPU.Build.0 = Debug|Any CPU
		{0E0FBC3A-9BCC-4164-ACEB-00B9BE2153F9}.Release|Any CPU.ActiveCfg = Release|Any CPU
		{0E0FBC3A-9BCC-4164-ACEB-00B9BE2153F9}.Release|Any CPU.Build.0 = Release|Any CPU
		{004BC284-9E02-4DFB-90F1-AE04E7C70216}.Debug|Any CPU.ActiveCfg = Debug|Any CPU
		{004BC284-9E02-4DFB-90F1-AE04E7C70216}.Debug|Any CPU.Build.0 = Debug|Any CPU
		{004BC284-9E02-4DFB-90F1-AE04E7C70216}.Release|Any CPU.ActiveCfg = Release|Any CPU
		{004BC284-9E02-4DFB-90F1-AE04E7C70216}.Release|Any CPU.Build.0 = Release|Any CPU
	EndGlobalSection
	GlobalSection(SolutionProperties) = preSolution
		HideSolutionNode = FALSE
	EndGlobalSection
	GlobalSection(ExtensibilityGlobals) = postSolution
		SolutionGuid = {E44E7670-4BB2-44E0-ADEF-C1BF801FD284}
	EndGlobalSection
	GlobalSection(NestedProjects) = preSolution
		{AF3D622F-0ACA-4798-97E7-C802F9952095} = {2E358155-567B-424A-9B39-3A734FF5FE54}
		{BC4FC247-3F80-4797-BB7E-6C888B59465B} = {2E358155-567B-424A-9B39-3A734FF5FE54}
		{9010034C-EE82-462A-B7A0-89F697F2C475} = {DA2B1CA6-B5FE-400C-A123-EBAE3B2186C1}
		{0E0FBC3A-9BCC-4164-ACEB-00B9BE2153F9} = {DA2B1CA6-B5FE-400C-A123-EBAE3B2186C1}
		{004BC284-9E02-4DFB-90F1-AE04E7C70216} = {7B9FBCDB-0FCB-4392-B5BF-6EA64A5C1932}
	EndGlobalSection
EndGlobal
